// !$*UTF8*$!
{
	archiveVersion = 1;
	classes = {
	};
	objectVersion = 46;
	objects = {

/* Begin PBXBuildFile section */
		15F483B5E98FFFE016FBDDA4 /* libPods.a in Frameworks */ = {isa = PBXBuildFile; fileRef = 7FC67DEB84D6847DFDECC3DA /* libPods.a */; };
		E5051DD21AA1D3FB00CD88F2 /* HHBaseTableViewController.m in Sources */ = {isa = PBXBuildFile; fileRef = E5051DD11AA1D3FB00CD88F2 /* HHBaseTableViewController.m */; };
		E5051DD41AA1D69B00CD88F2 /* TableCell.xib in Resources */ = {isa = PBXBuildFile; fileRef = E5051DD31AA1D69B00CD88F2 /* TableCell.xib */; };
		E5051DD91AA1E1A300CD88F2 /* HHMainTableViewController.m in Sources */ = {isa = PBXBuildFile; fileRef = E5051DD81AA1E1A300CD88F2 /* HHMainTableViewController.m */; };
		E5051DDC1AA1E22800CD88F2 /* HHResultTableViewController.m in Sources */ = {isa = PBXBuildFile; fileRef = E5051DDB1AA1E22800CD88F2 /* HHResultTableViewController.m */; };
		E51608E31AA5BDFB002ACE61 /* HHSettingsTableController.m in Sources */ = {isa = PBXBuildFile; fileRef = E51608E11AA5BDFB002ACE61 /* HHSettingsTableController.m */; };
		E51608E41AA5BDFB002ACE61 /* HHSettingsTableController.xib in Resources */ = {isa = PBXBuildFile; fileRef = E51608E21AA5BDFB002ACE61 /* HHSettingsTableController.xib */; };
		E5293E691AA0203600017658 /* HHWeatherItem.m in Sources */ = {isa = PBXBuildFile; fileRef = E5293E681AA0203600017658 /* HHWeatherItem.m */; };
		E5293E6C1AA03F1100017658 /* HHWeatherItemStation.m in Sources */ = {isa = PBXBuildFile; fileRef = E5293E6B1AA03F1100017658 /* HHWeatherItemStation.m */; };
		E562CE151AB3D2F8001EEE1D /* HHDetailViewController.m in Sources */ = {isa = PBXBuildFile; fileRef = E562CE141AB3D2F8001EEE1D /* HHDetailViewController.m */; };
		E562CE181AB3D31F001EEE1D /* HHWeatherButton.m in Sources */ = {isa = PBXBuildFile; fileRef = E562CE171AB3D31F001EEE1D /* HHWeatherButton.m */; };
		E56733F61AB52E2D007E0183 /* libc++.dylib in Frameworks */ = {isa = PBXBuildFile; fileRef = E56733F51AB52E2D007E0183 /* libc++.dylib */; };
		E56733FC1AB52E58007E0183 /* JuheApisSDK.a in Frameworks */ = {isa = PBXBuildFile; fileRef = E56733FB1AB52E58007E0183 /* JuheApisSDK.a */; };
		E56733FE1AB52ECD007E0183 /* CoreTelephony.framework in Frameworks */ = {isa = PBXBuildFile; fileRef = E56733FD1AB52ECD007E0183 /* CoreTelephony.framework */; };
		E56734001AB52ED7007E0183 /* AdSupport.framework in Frameworks */ = {isa = PBXBuildFile; fileRef = E56733FF1AB52ED7007E0183 /* AdSupport.framework */; };
		E56734021AB52EE3007E0183 /* CoreLocation.framework in Frameworks */ = {isa = PBXBuildFile; fileRef = E56734011AB52EE3007E0183 /* CoreLocation.framework */; };
		E56EEF071AA56A670019CCF7 /* CustomMenuCell.m in Sources */ = {isa = PBXBuildFile; fileRef = E56EEF041AA56A670019CCF7 /* CustomMenuCell.m */; };
		E56EEF081AA56A670019CCF7 /* PulldownMenu.m in Sources */ = {isa = PBXBuildFile; fileRef = E56EEF061AA56A670019CCF7 /* PulldownMenu.m */; };
		E56EEF0D1AA56C230019CCF7 /* HHProfileViewController.m in Sources */ = {isa = PBXBuildFile; fileRef = E56EEF0B1AA56C230019CCF7 /* HHProfileViewController.m */; };
		E56EEF0E1AA56C230019CCF7 /* HHProfileViewController.xib in Resources */ = {isa = PBXBuildFile; fileRef = E56EEF0C1AA56C230019CCF7 /* HHProfileViewController.xib */; };
		E58B88A91AA7EB3500A6BC60 /* MessageUI.framework in Frameworks */ = {isa = PBXBuildFile; fileRef = E58B88A81AA7EB3500A6BC60 /* MessageUI.framework */; };
		E598FFD61AC40D21002292C9 /* MONActivityIndicatorView.m in Sources */ = {isa = PBXBuildFile; fileRef = E598FFD51AC40D21002292C9 /* MONActivityIndicatorView.m */; };
		E598FFD81AC40D46002292C9 /* QuartzCore.framework in Frameworks */ = {isa = PBXBuildFile; fileRef = E598FFD71AC40D46002292C9 /* QuartzCore.framework */; };
		E5A799AE1ABAA10B007D50D8 /* HHWeatherGroup.m in Sources */ = {isa = PBXBuildFile; fileRef = E5A799AD1ABAA10B007D50D8 /* HHWeatherGroup.m */; };
		E5A799B11ABAA38D007D50D8 /* HHDataManager.m in Sources */ = {isa = PBXBuildFile; fileRef = E5A799B01ABAA38D007D50D8 /* HHDataManager.m */; };
		E5A9BDD31AC63E3E0008C286 /* HHWeatherSecButton.m in Sources */ = {isa = PBXBuildFile; fileRef = E5A9BDD21AC63E3E0008C286 /* HHWeatherSecButton.m */; };
		E5A9BDD51AC645860008C286 /* Empty.xib in Resources */ = {isa = PBXBuildFile; fileRef = E5A9BDD41AC645860008C286 /* Empty.xib */; };
		E5C221E01AA2C25900B3BD23 /* HHWeatherColor.m in Sources */ = {isa = PBXBuildFile; fileRef = E5C221DF1AA2C25900B3BD23 /* HHWeatherColor.m */; };
		E5D06E971AB9321A00AE7526 /* libobjc.dylib in Frameworks */ = {isa = PBXBuildFile; fileRef = E5D06E961AB9321A00AE7526 /* libobjc.dylib */; };
		E5FC08121A9DDD660012B6CC /* main.m in Sources */ = {isa = PBXBuildFile; fileRef = E5FC08111A9DDD660012B6CC /* main.m */; };
		E5FC08151A9DDD660012B6CC /* AppDelegate.m in Sources */ = {isa = PBXBuildFile; fileRef = E5FC08141A9DDD660012B6CC /* AppDelegate.m */; };
		E5FC081D1A9DDD660012B6CC /* Images.xcassets in Resources */ = {isa = PBXBuildFile; fileRef = E5FC081C1A9DDD660012B6CC /* Images.xcassets */; };
		E5FC082C1A9DDD660012B6CC /* HHWeatherTests.m in Sources */ = {isa = PBXBuildFile; fileRef = E5FC082B1A9DDD660012B6CC /* HHWeatherTests.m */; };
		E5FC083B1A9DE0DC0012B6CC /* HHHomeViewController.m in Sources */ = {isa = PBXBuildFile; fileRef = E5FC083A1A9DE0DC0012B6CC /* HHHomeViewController.m */; };
		E5FC083E1A9DE16B0012B6CC /* HHNavigationController.m in Sources */ = {isa = PBXBuildFile; fileRef = E5FC083D1A9DE16B0012B6CC /* HHNavigationController.m */; };
		E5FC08431A9DF8250012B6CC /* HHWeatherCell.m in Sources */ = {isa = PBXBuildFile; fileRef = E5FC08421A9DF8250012B6CC /* HHWeatherCell.m */; };
/* End PBXBuildFile section */

/* Begin PBXContainerItemProxy section */
		E5FC08261A9DDD660012B6CC /* PBXContainerItemProxy */ = {
			isa = PBXContainerItemProxy;
			containerPortal = E5FC08041A9DDD660012B6CC /* Project object */;
			proxyType = 1;
			remoteGlobalIDString = E5FC080B1A9DDD660012B6CC;
			remoteInfo = HHWeather;
		};
/* End PBXContainerItemProxy section */

/* Begin PBXFileReference section */
		7FC67DEB84D6847DFDECC3DA /* libPods.a */ = {isa = PBXFileReference; explicitFileType = archive.ar; includeInIndex = 0; path = libPods.a; sourceTree = BUILT_PRODUCTS_DIR; };
		B57FADF600104EE781D94B1C /* Pods.release.xcconfig */ = {isa = PBXFileReference; includeInIndex = 1; lastKnownFileType = text.xcconfig; name = Pods.release.xcconfig; path = "Pods/Target Support Files/Pods/Pods.release.xcconfig"; sourceTree = "<group>"; };
		E5051DD01AA1D3FB00CD88F2 /* HHBaseTableViewController.h */ = {isa = PBXFileReference; fileEncoding = 4; lastKnownFileType = sourcecode.c.h; path = HHBaseTableViewController.h; sourceTree = "<group>"; };
		E5051DD11AA1D3FB00CD88F2 /* HHBaseTableViewController.m */ = {isa = PBXFileReference; fileEncoding = 4; lastKnownFileType = sourcecode.c.objc; path = HHBaseTableViewController.m; sourceTree = "<group>"; };
		E5051DD31AA1D69B00CD88F2 /* TableCell.xib */ = {isa = PBXFileReference; fileEncoding = 4; lastKnownFileType = file.xib; path = TableCell.xib; sourceTree = "<group>"; };
		E5051DD71AA1E1A300CD88F2 /* HHMainTableViewController.h */ = {isa = PBXFileReference; fileEncoding = 4; lastKnownFileType = sourcecode.c.h; path = HHMainTableViewController.h; sourceTree = "<group>"; };
		E5051DD81AA1E1A300CD88F2 /* HHMainTableViewController.m */ = {isa = PBXFileReference; fileEncoding = 4; lastKnownFileType = sourcecode.c.objc; path = HHMainTableViewController.m; sourceTree = "<group>"; };
		E5051DDA1AA1E22800CD88F2 /* HHResultTableViewController.h */ = {isa = PBXFileReference; fileEncoding = 4; lastKnownFileType = sourcecode.c.h; path = HHResultTableViewController.h; sourceTree = "<group>"; };
		E5051DDB1AA1E22800CD88F2 /* HHResultTableViewController.m */ = {isa = PBXFileReference; fileEncoding = 4; lastKnownFileType = sourcecode.c.objc; path = HHResultTableViewController.m; sourceTree = "<group>"; };
		E51608E01AA5BDFB002ACE61 /* HHSettingsTableController.h */ = {isa = PBXFileReference; fileEncoding = 4; lastKnownFileType = sourcecode.c.h; path = HHSettingsTableController.h; sourceTree = "<group>"; };
		E51608E11AA5BDFB002ACE61 /* HHSettingsTableController.m */ = {isa = PBXFileReference; fileEncoding = 4; lastKnownFileType = sourcecode.c.objc; path = HHSettingsTableController.m; sourceTree = "<group>"; };
		E51608E21AA5BDFB002ACE61 /* HHSettingsTableController.xib */ = {isa = PBXFileReference; fileEncoding = 4; lastKnownFileType = file.xib; path = HHSettingsTableController.xib; sourceTree = "<group>"; };
		E5293E671AA0203600017658 /* HHWeatherItem.h */ = {isa = PBXFileReference; fileEncoding = 4; lastKnownFileType = sourcecode.c.h; path = HHWeatherItem.h; sourceTree = "<group>"; };
		E5293E681AA0203600017658 /* HHWeatherItem.m */ = {isa = PBXFileReference; fileEncoding = 4; lastKnownFileType = sourcecode.c.objc; path = HHWeatherItem.m; sourceTree = "<group>"; };
		E5293E6A1AA03F1100017658 /* HHWeatherItemStation.h */ = {isa = PBXFileReference; fileEncoding = 4; lastKnownFileType = sourcecode.c.h; path = HHWeatherItemStation.h; sourceTree = "<group>"; };
		E5293E6B1AA03F1100017658 /* HHWeatherItemStation.m */ = {isa = PBXFileReference; fileEncoding = 4; lastKnownFileType = sourcecode.c.objc; path = HHWeatherItemStation.m; sourceTree = "<group>"; };
		E562CE131AB3D2F8001EEE1D /* HHDetailViewController.h */ = {isa = PBXFileReference; fileEncoding = 4; lastKnownFileType = sourcecode.c.h; path = HHDetailViewController.h; sourceTree = "<group>"; };
		E562CE141AB3D2F8001EEE1D /* HHDetailViewController.m */ = {isa = PBXFileReference; fileEncoding = 4; lastKnownFileType = sourcecode.c.objc; path = HHDetailViewController.m; sourceTree = "<group>"; };
		E562CE161AB3D31F001EEE1D /* HHWeatherButton.h */ = {isa = PBXFileReference; fileEncoding = 4; lastKnownFileType = sourcecode.c.h; path = HHWeatherButton.h; sourceTree = "<group>"; };
		E562CE171AB3D31F001EEE1D /* HHWeatherButton.m */ = {isa = PBXFileReference; fileEncoding = 4; lastKnownFileType = sourcecode.c.objc; path = HHWeatherButton.m; sourceTree = "<group>"; };
		E56733F51AB52E2D007E0183 /* libc++.dylib */ = {isa = PBXFileReference; lastKnownFileType = "compiled.mach-o.dylib"; name = "libc++.dylib"; path = "usr/lib/libc++.dylib"; sourceTree = SDKROOT; };
		E56733F91AB52E58007E0183 /* JHAPISDK.h */ = {isa = PBXFileReference; fileEncoding = 4; lastKnownFileType = sourcecode.c.h; path = JHAPISDK.h; sourceTree = "<group>"; };
		E56733FA1AB52E58007E0183 /* JHOpenidSupplier.h */ = {isa = PBXFileReference; fileEncoding = 4; lastKnownFileType = sourcecode.c.h; path = JHOpenidSupplier.h; sourceTree = "<group>"; };
		E56733FB1AB52E58007E0183 /* JuheApisSDK.a */ = {isa = PBXFileReference; lastKnownFileType = archive.ar; path = JuheApisSDK.a; sourceTree = "<group>"; };
		E56733FD1AB52ECD007E0183 /* CoreTelephony.framework */ = {isa = PBXFileReference; lastKnownFileType = wrapper.framework; name = CoreTelephony.framework; path = System/Library/Frameworks/CoreTelephony.framework; sourceTree = SDKROOT; };
		E56733FF1AB52ED7007E0183 /* AdSupport.framework */ = {isa = PBXFileReference; lastKnownFileType = wrapper.framework; name = AdSupport.framework; path = System/Library/Frameworks/AdSupport.framework; sourceTree = SDKROOT; };
		E56734011AB52EE3007E0183 /* CoreLocation.framework */ = {isa = PBXFileReference; lastKnownFileType = wrapper.framework; name = CoreLocation.framework; path = System/Library/Frameworks/CoreLocation.framework; sourceTree = SDKROOT; };
		E56EEF031AA56A670019CCF7 /* CustomMenuCell.h */ = {isa = PBXFileReference; fileEncoding = 4; lastKnownFileType = sourcecode.c.h; path = CustomMenuCell.h; sourceTree = "<group>"; };
		E56EEF041AA56A670019CCF7 /* CustomMenuCell.m */ = {isa = PBXFileReference; fileEncoding = 4; lastKnownFileType = sourcecode.c.objc; path = CustomMenuCell.m; sourceTree = "<group>"; };
		E56EEF051AA56A670019CCF7 /* PulldownMenu.h */ = {isa = PBXFileReference; fileEncoding = 4; lastKnownFileType = sourcecode.c.h; path = PulldownMenu.h; sourceTree = "<group>"; };
		E56EEF061AA56A670019CCF7 /* PulldownMenu.m */ = {isa = PBXFileReference; fileEncoding = 4; lastKnownFileType = sourcecode.c.objc; path = PulldownMenu.m; sourceTree = "<group>"; };
		E56EEF0A1AA56C230019CCF7 /* HHProfileViewController.h */ = {isa = PBXFileReference; fileEncoding = 4; lastKnownFileType = sourcecode.c.h; path = HHProfileViewController.h; sourceTree = "<group>"; };
		E56EEF0B1AA56C230019CCF7 /* HHProfileViewController.m */ = {isa = PBXFileReference; fileEncoding = 4; lastKnownFileType = sourcecode.c.objc; path = HHProfileViewController.m; sourceTree = "<group>"; };
		E56EEF0C1AA56C230019CCF7 /* HHProfileViewController.xib */ = {isa = PBXFileReference; fileEncoding = 4; lastKnownFileType = file.xib; path = HHProfileViewController.xib; sourceTree = "<group>"; };
		E58B88A81AA7EB3500A6BC60 /* MessageUI.framework */ = {isa = PBXFileReference; lastKnownFileType = wrapper.framework; name = MessageUI.framework; path = System/Library/Frameworks/MessageUI.framework; sourceTree = SDKROOT; };
		E598FFD41AC40D21002292C9 /* MONActivityIndicatorView.h */ = {isa = PBXFileReference; fileEncoding = 4; lastKnownFileType = sourcecode.c.h; path = MONActivityIndicatorView.h; sourceTree = "<group>"; };
		E598FFD51AC40D21002292C9 /* MONActivityIndicatorView.m */ = {isa = PBXFileReference; fileEncoding = 4; lastKnownFileType = sourcecode.c.objc; path = MONActivityIndicatorView.m; sourceTree = "<group>"; };
		E598FFD71AC40D46002292C9 /* QuartzCore.framework */ = {isa = PBXFileReference; lastKnownFileType = wrapper.framework; name = QuartzCore.framework; path = System/Library/Frameworks/QuartzCore.framework; sourceTree = SDKROOT; };
		E5A799AC1ABAA10B007D50D8 /* HHWeatherGroup.h */ = {isa = PBXFileReference; fileEncoding = 4; lastKnownFileType = sourcecode.c.h; path = HHWeatherGroup.h; sourceTree = "<group>"; };
		E5A799AD1ABAA10B007D50D8 /* HHWeatherGroup.m */ = {isa = PBXFileReference; fileEncoding = 4; lastKnownFileType = sourcecode.c.objc; path = HHWeatherGroup.m; sourceTree = "<group>"; };
		E5A799AF1ABAA38D007D50D8 /* HHDataManager.h */ = {isa = PBXFileReference; fileEncoding = 4; lastKnownFileType = sourcecode.c.h; path = HHDataManager.h; sourceTree = "<group>"; };
		E5A799B01ABAA38D007D50D8 /* HHDataManager.m */ = {isa = PBXFileReference; fileEncoding = 4; lastKnownFileType = sourcecode.c.objc; path = HHDataManager.m; sourceTree = "<group>"; };
		E5A9BDD11AC63E3E0008C286 /* HHWeatherSecButton.h */ = {isa = PBXFileReference; fileEncoding = 4; lastKnownFileType = sourcecode.c.h; path = HHWeatherSecButton.h; sourceTree = "<group>"; };
		E5A9BDD21AC63E3E0008C286 /* HHWeatherSecButton.m */ = {isa = PBXFileReference; fileEncoding = 4; lastKnownFileType = sourcecode.c.objc; path = HHWeatherSecButton.m; sourceTree = "<group>"; };
		E5A9BDD41AC645860008C286 /* Empty.xib */ = {isa = PBXFileReference; fileEncoding = 4; lastKnownFileType = file.xib; path = Empty.xib; sourceTree = "<group>"; };
		E5C221DE1AA2C25900B3BD23 /* HHWeatherColor.h */ = {isa = PBXFileReference; fileEncoding = 4; lastKnownFileType = sourcecode.c.h; path = HHWeatherColor.h; sourceTree = "<group>"; };
		E5C221DF1AA2C25900B3BD23 /* HHWeatherColor.m */ = {isa = PBXFileReference; fileEncoding = 4; lastKnownFileType = sourcecode.c.objc; path = HHWeatherColor.m; sourceTree = "<group>"; };
		E5D06E961AB9321A00AE7526 /* libobjc.dylib */ = {isa = PBXFileReference; lastKnownFileType = "compiled.mach-o.dylib"; name = libobjc.dylib; path = usr/lib/libobjc.dylib; sourceTree = SDKROOT; };
		E5FC080C1A9DDD660012B6CC /* HHWeather.app */ = {isa = PBXFileReference; explicitFileType = wrapper.application; includeInIndex = 0; path = HHWeather.app; sourceTree = BUILT_PRODUCTS_DIR; };
		E5FC08101A9DDD660012B6CC /* Info.plist */ = {isa = PBXFileReference; lastKnownFileType = text.plist.xml; path = Info.plist; sourceTree = "<group>"; };
		E5FC08111A9DDD660012B6CC /* main.m */ = {isa = PBXFileReference; lastKnownFileType = sourcecode.c.objc; path = main.m; sourceTree = "<group>"; };
		E5FC08131A9DDD660012B6CC /* AppDelegate.h */ = {isa = PBXFileReference; lastKnownFileType = sourcecode.c.h; path = AppDelegate.h; sourceTree = "<group>"; };
		E5FC08141A9DDD660012B6CC /* AppDelegate.m */ = {isa = PBXFileReference; lastKnownFileType = sourcecode.c.objc; path = AppDelegate.m; sourceTree = "<group>"; };
		E5FC081C1A9DDD660012B6CC /* Images.xcassets */ = {isa = PBXFileReference; lastKnownFileType = folder.assetcatalog; path = Images.xcassets; sourceTree = "<group>"; };
		E5FC08251A9DDD660012B6CC /* HHWeatherTests.xctest */ = {isa = PBXFileReference; explicitFileType = wrapper.cfbundle; includeInIndex = 0; path = HHWeatherTests.xctest; sourceTree = BUILT_PRODUCTS_DIR; };
		E5FC082A1A9DDD660012B6CC /* Info.plist */ = {isa = PBXFileReference; lastKnownFileType = text.plist.xml; path = Info.plist; sourceTree = "<group>"; };
		E5FC082B1A9DDD660012B6CC /* HHWeatherTests.m */ = {isa = PBXFileReference; lastKnownFileType = sourcecode.c.objc; path = HHWeatherTests.m; sourceTree = "<group>"; };
		E5FC08391A9DE0DC0012B6CC /* HHHomeViewController.h */ = {isa = PBXFileReference; fileEncoding = 4; lastKnownFileType = sourcecode.c.h; path = HHHomeViewController.h; sourceTree = "<group>"; };
		E5FC083A1A9DE0DC0012B6CC /* HHHomeViewController.m */ = {isa = PBXFileReference; fileEncoding = 4; lastKnownFileType = sourcecode.c.objc; path = HHHomeViewController.m; sourceTree = "<group>"; };
		E5FC083C1A9DE16B0012B6CC /* HHNavigationController.h */ = {isa = PBXFileReference; fileEncoding = 4; lastKnownFileType = sourcecode.c.h; path = HHNavigationController.h; sourceTree = "<group>"; };
		E5FC083D1A9DE16B0012B6CC /* HHNavigationController.m */ = {isa = PBXFileReference; fileEncoding = 4; lastKnownFileType = sourcecode.c.objc; path = HHNavigationController.m; sourceTree = "<group>"; };
		E5FC08411A9DF8250012B6CC /* HHWeatherCell.h */ = {isa = PBXFileReference; fileEncoding = 4; lastKnownFileType = sourcecode.c.h; path = HHWeatherCell.h; sourceTree = "<group>"; };
		E5FC08421A9DF8250012B6CC /* HHWeatherCell.m */ = {isa = PBXFileReference; fileEncoding = 4; lastKnownFileType = sourcecode.c.objc; path = HHWeatherCell.m; sourceTree = "<group>"; };
		E64A6175E5F91681DE0D284D /* Pods.debug.xcconfig */ = {isa = PBXFileReference; includeInIndex = 1; lastKnownFileType = text.xcconfig; name = Pods.debug.xcconfig; path = "Pods/Target Support Files/Pods/Pods.debug.xcconfig"; sourceTree = "<group>"; };
/* End PBXFileReference section */

/* Begin PBXFrameworksBuildPhase section */
		E5FC08091A9DDD660012B6CC /* Frameworks */ = {
			isa = PBXFrameworksBuildPhase;
			buildActionMask = 2147483647;
			files = (
				E598FFD81AC40D46002292C9 /* QuartzCore.framework in Frameworks */,
				E5D06E971AB9321A00AE7526 /* libobjc.dylib in Frameworks */,
				E56734021AB52EE3007E0183 /* CoreLocation.framework in Frameworks */,
				E56734001AB52ED7007E0183 /* AdSupport.framework in Frameworks */,
				E56733FE1AB52ECD007E0183 /* CoreTelephony.framework in Frameworks */,
				E56733F61AB52E2D007E0183 /* libc++.dylib in Frameworks */,
				E58B88A91AA7EB3500A6BC60 /* MessageUI.framework in Frameworks */,
				15F483B5E98FFFE016FBDDA4 /* libPods.a in Frameworks */,
				E56733FC1AB52E58007E0183 /* JuheApisSDK.a in Frameworks */,
			);
			runOnlyForDeploymentPostprocessing = 0;
		};
		E5FC08221A9DDD660012B6CC /* Frameworks */ = {
			isa = PBXFrameworksBuildPhase;
			buildActionMask = 2147483647;
			files = (
			);
			runOnlyForDeploymentPostprocessing = 0;
		};
/* End PBXFrameworksBuildPhase section */

/* Begin PBXGroup section */
		255972935C4EA6C8119344B4 /* Frameworks */ = {
			isa = PBXGroup;
			children = (
				E598FFD71AC40D46002292C9 /* QuartzCore.framework */,
				E5D06E961AB9321A00AE7526 /* libobjc.dylib */,
				E56734011AB52EE3007E0183 /* CoreLocation.framework */,
				E56733FF1AB52ED7007E0183 /* AdSupport.framework */,
				E56733FD1AB52ECD007E0183 /* CoreTelephony.framework */,
				E56733F51AB52E2D007E0183 /* libc++.dylib */,
				E58B88A81AA7EB3500A6BC60 /* MessageUI.framework */,
				7FC67DEB84D6847DFDECC3DA /* libPods.a */,
			);
			name = Frameworks;
			sourceTree = "<group>";
		};
		6C8E9FB9BFE70CFB4D9153C0 /* Pods */ = {
			isa = PBXGroup;
			children = (
				E64A6175E5F91681DE0D284D /* Pods.debug.xcconfig */,
				B57FADF600104EE781D94B1C /* Pods.release.xcconfig */,
			);
			name = Pods;
			sourceTree = "<group>";
		};
		E5051DD51AA1D83A00CD88F2 /* Search */ = {
			isa = PBXGroup;
			children = (
				E5051DD01AA1D3FB00CD88F2 /* HHBaseTableViewController.h */,
				E5051DD11AA1D3FB00CD88F2 /* HHBaseTableViewController.m */,
				E5051DD71AA1E1A300CD88F2 /* HHMainTableViewController.h */,
				E5051DD81AA1E1A300CD88F2 /* HHMainTableViewController.m */,
				E5051DDA1AA1E22800CD88F2 /* HHResultTableViewController.h */,
				E5051DDB1AA1E22800CD88F2 /* HHResultTableViewController.m */,
			);
			name = Search;
			sourceTree = "<group>";
		};
		E5051DD61AA1D84F00CD88F2 /* Home */ = {
			isa = PBXGroup;
			children = (
				E5FC08391A9DE0DC0012B6CC /* HHHomeViewController.h */,
				E5FC083A1A9DE0DC0012B6CC /* HHHomeViewController.m */,
				E5FC083C1A9DE16B0012B6CC /* HHNavigationController.h */,
				E5FC083D1A9DE16B0012B6CC /* HHNavigationController.m */,
			);
			name = Home;
			sourceTree = "<group>";
		};
		E526686D1AC39DD700F16200 /* Handler */ = {
			isa = PBXGroup;
			children = (
				E5A799AF1ABAA38D007D50D8 /* HHDataManager.h */,
				E5A799B01ABAA38D007D50D8 /* HHDataManager.m */,
				E5C221DE1AA2C25900B3BD23 /* HHWeatherColor.h */,
				E5C221DF1AA2C25900B3BD23 /* HHWeatherColor.m */,
			);
			name = Handler;
			sourceTree = "<group>";
		};
		E56733F71AB52E58007E0183 /* include */ = {
			isa = PBXGroup;
			children = (
				E56733F81AB52E58007E0183 /* JuheApisSDK */,
			);
			path = include;
			sourceTree = "<group>";
		};
		E56733F81AB52E58007E0183 /* JuheApisSDK */ = {
			isa = PBXGroup;
			children = (
				E56733F91AB52E58007E0183 /* JHAPISDK.h */,
				E56733FA1AB52E58007E0183 /* JHOpenidSupplier.h */,
			);
			path = JuheApisSDK;
			sourceTree = "<group>";
		};
		E56EEF021AA56A220019CCF7 /* PullDownMenu */ = {
			isa = PBXGroup;
			children = (
				E56EEF031AA56A670019CCF7 /* CustomMenuCell.h */,
				E56EEF041AA56A670019CCF7 /* CustomMenuCell.m */,
				E56EEF051AA56A670019CCF7 /* PulldownMenu.h */,
				E56EEF061AA56A670019CCF7 /* PulldownMenu.m */,
			);
			name = PullDownMenu;
			sourceTree = "<group>";
		};
		E56EEF091AA56BFD0019CCF7 /* Menu */ = {
			isa = PBXGroup;
			children = (
				E56EEF0A1AA56C230019CCF7 /* HHProfileViewController.h */,
				E56EEF0B1AA56C230019CCF7 /* HHProfileViewController.m */,
				E56EEF0C1AA56C230019CCF7 /* HHProfileViewController.xib */,
				E51608E01AA5BDFB002ACE61 /* HHSettingsTableController.h */,
				E51608E11AA5BDFB002ACE61 /* HHSettingsTableController.m */,
				E51608E21AA5BDFB002ACE61 /* HHSettingsTableController.xib */,
			);
			name = Menu;
			sourceTree = "<group>";
		};
		E580ECC81AAE873E00AC74AE /* WeatherDetail */ = {
			isa = PBXGroup;
			children = (
				E562CE131AB3D2F8001EEE1D /* HHDetailViewController.h */,
				E562CE141AB3D2F8001EEE1D /* HHDetailViewController.m */,
			);
			name = WeatherDetail;
			sourceTree = "<group>";
		};
		E598FFD31AC40D05002292C9 /* MONActivityIndicatorView */ = {
			isa = PBXGroup;
			children = (
				E598FFD41AC40D21002292C9 /* MONActivityIndicatorView.h */,
				E598FFD51AC40D21002292C9 /* MONActivityIndicatorView.m */,
			);
			name = MONActivityIndicatorView;
			sourceTree = "<group>";
		};
		E5FC08031A9DDD660012B6CC = {
			isa = PBXGroup;
			children = (
				E56733F71AB52E58007E0183 /* include */,
				E56733FB1AB52E58007E0183 /* JuheApisSDK.a */,
				E5051DD31AA1D69B00CD88F2 /* TableCell.xib */,
				E526686D1AC39DD700F16200 /* Handler */,
				E5FC08371A9DE0380012B6CC /* Model */,
				E5FC08381A9DE0400012B6CC /* Views */,
				E5FC08351A9DE0180012B6CC /* Controllers */,
				E5FC080E1A9DDD660012B6CC /* HHWeather */,
				E598FFD31AC40D05002292C9 /* MONActivityIndicatorView */,
				E56EEF021AA56A220019CCF7 /* PullDownMenu */,
				E5FC08281A9DDD660012B6CC /* HHWeatherTests */,
				E5FC080D1A9DDD660012B6CC /* Products */,
				6C8E9FB9BFE70CFB4D9153C0 /* Pods */,
				255972935C4EA6C8119344B4 /* Frameworks */,
			);
			sourceTree = "<group>";
		};
		E5FC080D1A9DDD660012B6CC /* Products */ = {
			isa = PBXGroup;
			children = (
				E5FC080C1A9DDD660012B6CC /* HHWeather.app */,
				E5FC08251A9DDD660012B6CC /* HHWeatherTests.xctest */,
			);
			name = Products;
			sourceTree = "<group>";
		};
		E5FC080E1A9DDD660012B6CC /* HHWeather */ = {
			isa = PBXGroup;
			children = (
				E5FC08131A9DDD660012B6CC /* AppDelegate.h */,
				E5FC08141A9DDD660012B6CC /* AppDelegate.m */,
				E5FC081C1A9DDD660012B6CC /* Images.xcassets */,
				E5FC080F1A9DDD660012B6CC /* Supporting Files */,
			);
			path = HHWeather;
			sourceTree = "<group>";
		};
		E5FC080F1A9DDD660012B6CC /* Supporting Files */ = {
			isa = PBXGroup;
			children = (
				E5FC08101A9DDD660012B6CC /* Info.plist */,
				E5FC08111A9DDD660012B6CC /* main.m */,
			);
			name = "Supporting Files";
			sourceTree = "<group>";
		};
		E5FC08281A9DDD660012B6CC /* HHWeatherTests */ = {
			isa = PBXGroup;
			children = (
				E5FC082B1A9DDD660012B6CC /* HHWeatherTests.m */,
				E5FC08291A9DDD660012B6CC /* Supporting Files */,
			);
			path = HHWeatherTests;
			sourceTree = "<group>";
		};
		E5FC08291A9DDD660012B6CC /* Supporting Files */ = {
			isa = PBXGroup;
			children = (
				E5FC082A1A9DDD660012B6CC /* Info.plist */,
			);
			name = "Supporting Files";
			sourceTree = "<group>";
		};
		E5FC08351A9DE0180012B6CC /* Controllers */ = {
			isa = PBXGroup;
			children = (
				E580ECC81AAE873E00AC74AE /* WeatherDetail */,
				E56EEF091AA56BFD0019CCF7 /* Menu */,
				E5051DD61AA1D84F00CD88F2 /* Home */,
				E5051DD51AA1D83A00CD88F2 /* Search */,
			);
			name = Controllers;
			sourceTree = "<group>";
		};
		E5FC08371A9DE0380012B6CC /* Model */ = {
			isa = PBXGroup;
			children = (
				E5293E671AA0203600017658 /* HHWeatherItem.h */,
				E5293E681AA0203600017658 /* HHWeatherItem.m */,
				E5A799AC1ABAA10B007D50D8 /* HHWeatherGroup.h */,
				E5A799AD1ABAA10B007D50D8 /* HHWeatherGroup.m */,
				E5293E6A1AA03F1100017658 /* HHWeatherItemStation.h */,
				E5293E6B1AA03F1100017658 /* HHWeatherItemStation.m */,
			);
			name = Model;
			sourceTree = "<group>";
		};
		E5FC08381A9DE0400012B6CC /* Views */ = {
			isa = PBXGroup;
			children = (
				E5FC08411A9DF8250012B6CC /* HHWeatherCell.h */,
				E5FC08421A9DF8250012B6CC /* HHWeatherCell.m */,
				E562CE161AB3D31F001EEE1D /* HHWeatherButton.h */,
				E562CE171AB3D31F001EEE1D /* HHWeatherButton.m */,
				E5A9BDD11AC63E3E0008C286 /* HHWeatherSecButton.h */,
				E5A9BDD21AC63E3E0008C286 /* HHWeatherSecButton.m */,
				E5A9BDD41AC645860008C286 /* Empty.xib */,
			);
			name = Views;
			sourceTree = "<group>";
		};
/* End PBXGroup section */

/* Begin PBXNativeTarget section */
		E5FC080B1A9DDD660012B6CC /* HHWeather */ = {
			isa = PBXNativeTarget;
			buildConfigurationList = E5FC082F1A9DDD660012B6CC /* Build configuration list for PBXNativeTarget "HHWeather" */;
			buildPhases = (
				5D2FFDC28A9CD92C449995AE /* Check Pods Manifest.lock */,
				E5FC08081A9DDD660012B6CC /* Sources */,
				E5FC08091A9DDD660012B6CC /* Frameworks */,
				E5FC080A1A9DDD660012B6CC /* Resources */,
				9141DBDF7041C124F86F1D8F /* Copy Pods Resources */,
			);
			buildRules = (
			);
			dependencies = (
			);
			name = HHWeather;
			productName = HHWeather;
			productReference = E5FC080C1A9DDD660012B6CC /* HHWeather.app */;
			productType = "com.apple.product-type.application";
		};
		E5FC08241A9DDD660012B6CC /* HHWeatherTests */ = {
			isa = PBXNativeTarget;
			buildConfigurationList = E5FC08321A9DDD660012B6CC /* Build configuration list for PBXNativeTarget "HHWeatherTests" */;
			buildPhases = (
				E5FC08211A9DDD660012B6CC /* Sources */,
				E5FC08221A9DDD660012B6CC /* Frameworks */,
				E5FC08231A9DDD660012B6CC /* Resources */,
			);
			buildRules = (
			);
			dependencies = (
				E5FC08271A9DDD660012B6CC /* PBXTargetDependency */,
			);
			name = HHWeatherTests;
			productName = HHWeatherTests;
			productReference = E5FC08251A9DDD660012B6CC /* HHWeatherTests.xctest */;
			productType = "com.apple.product-type.bundle.unit-test";
		};
/* End PBXNativeTarget section */

/* Begin PBXProject section */
		E5FC08041A9DDD660012B6CC /* Project object */ = {
			isa = PBXProject;
			attributes = {
				LastUpgradeCheck = 0610;
				ORGANIZATIONNAME = NewThread;
				TargetAttributes = {
					E5FC080B1A9DDD660012B6CC = {
						CreatedOnToolsVersion = 6.1.1;
					};
					E5FC08241A9DDD660012B6CC = {
						CreatedOnToolsVersion = 6.1.1;
						TestTargetID = E5FC080B1A9DDD660012B6CC;
					};
				};
			};
			buildConfigurationList = E5FC08071A9DDD660012B6CC /* Build configuration list for PBXProject "HHWeather" */;
			compatibilityVersion = "Xcode 3.2";
			developmentRegion = English;
			hasScannedForEncodings = 0;
			knownRegions = (
				en,
				Base,
			);
			mainGroup = E5FC08031A9DDD660012B6CC;
			productRefGroup = E5FC080D1A9DDD660012B6CC /* Products */;
			projectDirPath = "";
			projectRoot = "";
			targets = (
				E5FC080B1A9DDD660012B6CC /* HHWeather */,
				E5FC08241A9DDD660012B6CC /* HHWeatherTests */,
			);
		};
/* End PBXProject section */

/* Begin PBXResourcesBuildPhase section */
		E5FC080A1A9DDD660012B6CC /* Resources */ = {
			isa = PBXResourcesBuildPhase;
			buildActionMask = 2147483647;
			files = (
				E5A9BDD51AC645860008C286 /* Empty.xib in Resources */,
				E5051DD41AA1D69B00CD88F2 /* TableCell.xib in Resources */,
				E5FC081D1A9DDD660012B6CC /* Images.xcassets in Resources */,
				E56EEF0E1AA56C230019CCF7 /* HHProfileViewController.xib in Resources */,
				E51608E41AA5BDFB002ACE61 /* HHSettingsTableController.xib in Resources */,
			);
			runOnlyForDeploymentPostprocessing = 0;
		};
		E5FC08231A9DDD660012B6CC /* Resources */ = {
			isa = PBXResourcesBuildPhase;
			buildActionMask = 2147483647;
			files = (
			);
			runOnlyForDeploymentPostprocessing = 0;
		};
/* End PBXResourcesBuildPhase section */

/* Begin PBXShellScriptBuildPhase section */
		5D2FFDC28A9CD92C449995AE /* Check Pods Manifest.lock */ = {
			isa = PBXShellScriptBuildPhase;
			buildActionMask = 2147483647;
			files = (
			);
			inputPaths = (
			);
			name = "Check Pods Manifest.lock";
			outputPaths = (
			);
			runOnlyForDeploymentPostprocessing = 0;
			shellPath = /bin/sh;
			shellScript = "diff \"${PODS_ROOT}/../Podfile.lock\" \"${PODS_ROOT}/Manifest.lock\" > /dev/null\nif [[ $? != 0 ]] ; then\n    cat << EOM\nerror: The sandbox is not in sync with the Podfile.lock. Run 'pod install' or update your CocoaPods installation.\nEOM\n    exit 1\nfi\n";
			showEnvVarsInLog = 0;
		};
		9141DBDF7041C124F86F1D8F /* Copy Pods Resources */ = {
			isa = PBXShellScriptBuildPhase;
			buildActionMask = 2147483647;
			files = (
			);
			inputPaths = (
			);
			name = "Copy Pods Resources";
			outputPaths = (
			);
			runOnlyForDeploymentPostprocessing = 0;
			shellPath = /bin/sh;
			shellScript = "\"${SRCROOT}/Pods/Target Support Files/Pods/Pods-resources.sh\"\n";
			showEnvVarsInLog = 0;
		};
/* End PBXShellScriptBuildPhase section */

/* Begin PBXSourcesBuildPhase section */
		E5FC08081A9DDD660012B6CC /* Sources */ = {
			isa = PBXSourcesBuildPhase;
			buildActionMask = 2147483647;
			files = (
				E5C221E01AA2C25900B3BD23 /* HHWeatherColor.m in Sources */,
				E5051DD21AA1D3FB00CD88F2 /* HHBaseTableViewController.m in Sources */,
				E562CE181AB3D31F001EEE1D /* HHWeatherButton.m in Sources */,
				E56EEF0D1AA56C230019CCF7 /* HHProfileViewController.m in Sources */,
				E562CE151AB3D2F8001EEE1D /* HHDetailViewController.m in Sources */,
				E5FC083B1A9DE0DC0012B6CC /* HHHomeViewController.m in Sources */,
				E56EEF071AA56A670019CCF7 /* CustomMenuCell.m in Sources */,
				E5051DDC1AA1E22800CD88F2 /* HHResultTableViewController.m in Sources */,
				E56EEF081AA56A670019CCF7 /* PulldownMenu.m in Sources */,
				E5FC08151A9DDD660012B6CC /* AppDelegate.m in Sources */,
				E5A799B11ABAA38D007D50D8 /* HHDataManager.m in Sources */,
				E5A799AE1ABAA10B007D50D8 /* HHWeatherGroup.m in Sources */,
				E5FC08121A9DDD660012B6CC /* main.m in Sources */,
				E5293E691AA0203600017658 /* HHWeatherItem.m in Sources */,
				E5FC083E1A9DE16B0012B6CC /* HHNavigationController.m in Sources */,
				E5051DD91AA1E1A300CD88F2 /* HHMainTableViewController.m in Sources */,
				E5A9BDD31AC63E3E0008C286 /* HHWeatherSecButton.m in Sources */,
				E598FFD61AC40D21002292C9 /* MONActivityIndicatorView.m in Sources */,
				E51608E31AA5BDFB002ACE61 /* HHSettingsTableController.m in Sources */,
				E5293E6C1AA03F1100017658 /* HHWeatherItemStation.m in Sources */,
				E5FC08431A9DF8250012B6CC /* HHWeatherCell.m in Sources */,
			);
			runOnlyForDeploymentPostprocessing = 0;
		};
		E5FC08211A9DDD660012B6CC /* Sources */ = {
			isa = PBXSourcesBuildPhase;
			buildActionMask = 2147483647;
			files = (
				E5FC082C1A9DDD660012B6CC /* HHWeatherTests.m in Sources */,
			);
			runOnlyForDeploymentPostprocessing = 0;
		};
/* End PBXSourcesBuildPhase section */

/* Begin PBXTargetDependency section */
		E5FC08271A9DDD660012B6CC /* PBXTargetDependency */ = {
			isa = PBXTargetDependency;
			target = E5FC080B1A9DDD660012B6CC /* HHWeather */;
			targetProxy = E5FC08261A9DDD660012B6CC /* PBXContainerItemProxy */;
		};
/* End PBXTargetDependency section */

/* Begin XCBuildConfiguration section */
		E5FC082D1A9DDD660012B6CC /* Debug */ = {
			isa = XCBuildConfiguration;
			buildSettings = {
				ALWAYS_SEARCH_USER_PATHS = NO;
				CLANG_CXX_LANGUAGE_STANDARD = "gnu++0x";
				CLANG_CXX_LIBRARY = "libc++";
				CLANG_ENABLE_MODULES = YES;
				CLANG_ENABLE_OBJC_ARC = YES;
				CLANG_WARN_BOOL_CONVERSION = YES;
				CLANG_WARN_CONSTANT_CONVERSION = YES;
				CLANG_WARN_DIRECT_OBJC_ISA_USAGE = YES_ERROR;
				CLANG_WARN_EMPTY_BODY = YES;
				CLANG_WARN_ENUM_CONVERSION = YES;
				CLANG_WARN_INT_CONVERSION = YES;
				CLANG_WARN_OBJC_ROOT_CLASS = YES_ERROR;
				CLANG_WARN_UNREACHABLE_CODE = YES;
				CLANG_WARN__DUPLICATE_METHOD_MATCH = YES;
				"CODE_SIGN_IDENTITY[sdk=iphoneos*]" = "iPhone Developer";
				COPY_PHASE_STRIP = NO;
				ENABLE_STRICT_OBJC_MSGSEND = YES;
				GCC_C_LANGUAGE_STANDARD = gnu99;
				GCC_DYNAMIC_NO_PIC = NO;
				GCC_OPTIMIZATION_LEVEL = 0;
				GCC_PREPROCESSOR_DEFINITIONS = (
					"DEBUG=1",
					"$(inherited)",
				);
				GCC_SYMBOLS_PRIVATE_EXTERN = NO;
				GCC_WARN_64_TO_32_BIT_CONVERSION = YES;
				GCC_WARN_ABOUT_RETURN_TYPE = YES_ERROR;
				GCC_WARN_UNDECLARED_SELECTOR = YES;
				GCC_WARN_UNINITIALIZED_AUTOS = YES_AGGRESSIVE;
				GCC_WARN_UNUSED_FUNCTION = YES;
				GCC_WARN_UNUSED_VARIABLE = YES;
				IPHONEOS_DEPLOYMENT_TARGET = 8.1;
				MTL_ENABLE_DEBUG_INFO = YES;
				ONLY_ACTIVE_ARCH = YES;
				SDKROOT = iphoneos;
			};
			name = Debug;
		};
		E5FC082E1A9DDD660012B6CC /* Release */ = {
			isa = XCBuildConfiguration;
			buildSettings = {
				ALWAYS_SEARCH_USER_PATHS = NO;
				CLANG_CXX_LANGUAGE_STANDARD = "gnu++0x";
				CLANG_CXX_LIBRARY = "libc++";
				CLANG_ENABLE_MODULES = YES;
				CLANG_ENABLE_OBJC_ARC = YES;
				CLANG_WARN_BOOL_CONVERSION = YES;
				CLANG_WARN_CONSTANT_CONVERSION = YES;
				CLANG_WARN_DIRECT_OBJC_ISA_USAGE = YES_ERROR;
				CLANG_WARN_EMPTY_BODY = YES;
				CLANG_WARN_ENUM_CONVERSION = YES;
				CLANG_WARN_INT_CONVERSION = YES;
				CLANG_WARN_OBJC_ROOT_CLASS = YES_ERROR;
				CLANG_WARN_UNREACHABLE_CODE = YES;
				CLANG_WARN__DUPLICATE_METHOD_MATCH = YES;
				"CODE_SIGN_IDENTITY[sdk=iphoneos*]" = "iPhone Developer";
				COPY_PHASE_STRIP = YES;
				ENABLE_NS_ASSERTIONS = NO;
				ENABLE_STRICT_OBJC_MSGSEND = YES;
				GCC_C_LANGUAGE_STANDARD = gnu99;
				GCC_WARN_64_TO_32_BIT_CONVERSION = YES;
				GCC_WARN_ABOUT_RETURN_TYPE = YES_ERROR;
				GCC_WARN_UNDECLARED_SELECTOR = YES;
				GCC_WARN_UNINITIALIZED_AUTOS = YES_AGGRESSIVE;
				GCC_WARN_UNUSED_FUNCTION = YES;
				GCC_WARN_UNUSED_VARIABLE = YES;
				IPHONEOS_DEPLOYMENT_TARGET = 8.1;
				MTL_ENABLE_DEBUG_INFO = NO;
				SDKROOT = iphoneos;
				VALIDATE_PRODUCT = YES;
			};
			name = Release;
		};
		E5FC08301A9DDD660012B6CC /* Debug */ = {
			isa = XCBuildConfiguration;
			baseConfigurationReference = E64A6175E5F91681DE0D284D /* Pods.debug.xcconfig */;
			buildSettings = {
				ASSETCATALOG_COMPILER_APPICON_NAME = AppIcon;
				INFOPLIST_FILE = HHWeather/Info.plist;
				IPHONEOS_DEPLOYMENT_TARGET = 8.2;
				LD_RUNPATH_SEARCH_PATHS = "$(inherited) @executable_path/Frameworks";
				LIBRARY_SEARCH_PATHS = (
					"$(inherited)",
					"$(PROJECT_DIR)",
				);
				PRODUCT_NAME = "$(TARGET_NAME)";
				USER_HEADER_SEARCH_PATHS = "${SRCROOT}/**";
			};
			name = Debug;
		};
		E5FC08311A9DDD660012B6CC /* Release */ = {
			isa = XCBuildConfiguration;
			baseConfigurationReference = B57FADF600104EE781D94B1C /* Pods.release.xcconfig */;
			buildSettings = {
				ASSETCATALOG_COMPILER_APPICON_NAME = AppIcon;
				INFOPLIST_FILE = HHWeather/Info.plist;
				IPHONEOS_DEPLOYMENT_TARGET = 8.2;
				LD_RUNPATH_SEARCH_PATHS = "$(inherited) @executable_path/Frameworks";
				LIBRARY_SEARCH_PATHS = (
					"$(inherited)",
					"$(PROJECT_DIR)",
				);
				PRODUCT_NAME = "$(TARGET_NAME)";
				USER_HEADER_SEARCH_PATHS = "${SRCROOT}/**";
			};
			name = Release;
		};
		E5FC08331A9DDD660012B6CC /* Debug */ = {
			isa = XCBuildConfiguration;
			buildSettings = {
				BUNDLE_LOADER = "$(TEST_HOST)";
				FRAMEWORK_SEARCH_PATHS = (
					"$(SDKROOT)/Developer/Library/Frameworks",
					"$(inherited)",
				);
				GCC_PREPROCESSOR_DEFINITIONS = (
					"DEBUG=1",
					"$(inherited)",
				);
				INFOPLIST_FILE = HHWeatherTests/Info.plist;
				LD_RUNPATH_SEARCH_PATHS = "$(inherited) @executable_path/Frameworks @loader_path/Frameworks";
				PRODUCT_NAME = "$(TARGET_NAME)";
				TEST_HOST = "$(BUILT_PRODUCTS_DIR)/HHWeather.app/HHWeather";
			};
			name = Debug;
		};
		E5FC08341A9DDD660012B6CC /* Release */ = {
			isa = XCBuildConfiguration;
			buildSettings = {
				BUNDLE_LOADER = "$(TEST_HOST)";
				FRAMEWORK_SEARCH_PATHS = (
					"$(SDKROOT)/Developer/Library/Frameworks",
					"$(inherited)",
				);
				INFOPLIST_FILE = HHWeatherTests/Info.plist;
				LD_RUNPATH_SEARCH_PATHS = "$(inherited) @executable_path/Frameworks @loader_path/Frameworks";
				PRODUCT_NAME = "$(TARGET_NAME)";
				TEST_HOST = "$(BUILT_PRODUCTS_DIR)/HHWeather.app/HHWeather";
			};
			name = Release;
		};
/* End XCBuildConfiguration section */

/* Begin XCConfigurationList section */
		E5FC08071A9DDD660012B6CC /* Build configuration list for PBXProject "HHWeather" */ = {
			isa = XCConfigurationList;
			buildConfigurations = (
				E5FC082D1A9DDD660012B6CC /* Debug */,
				E5FC082E1A9DDD660012B6CC /* Release */,
			);
			defaultConfigurationIsVisible = 0;
			defaultConfigurationName = Release;
		};
		E5FC082F1A9DDD660012B6CC /* Build configuration list for PBXNativeTarget "HHWeather" */ = {
			isa = XCConfigurationList;
			buildConfigurations = (
				E5FC08301A9DDD660012B6CC /* Debug */,
				E5FC08311A9DDD660012B6CC /* Release */,
			);
			defaultConfigurationIsVisible = 0;
			defaultConfigurationName = Release;
		};
		E5FC08321A9DDD660012B6CC /* Build configuration list for PBXNativeTarget "HHWeatherTests" */ = {
			isa = XCConfigurationList;
			buildConfigurations = (
				E5FC08331A9DDD660012B6CC /* Debug */,
				E5FC08341A9DDD660012B6CC /* Release */,
			);
			defaultConfigurationIsVisible = 0;
			defaultConfigurationName = Release;
		};
/* End XCConfigurationList section */
	};
	rootObject = E5FC08041A9DDD660012B6CC /* Project object */;
}
