// !$*UTF8*$!
{
	archiveVersion = 1;
	classes = {
	};
	objectVersion = 46;
	objects = {

/* Begin PBXBuildFile section */
		15F483B5E98FFFE016FBDDA4 /* libPods.a in Frameworks */ = {isa = PBXBuildFile; fileRef = 7FC67DEB84D6847DFDECC3DA /* libPods.a */; };
		E5293E691AA0203600017658 /* HHWeatherItem.m in Sources */ = {isa = PBXBuildFile; fileRef = E5293E681AA0203600017658 /* HHWeatherItem.m */; };
		E5293E6C1AA03F1100017658 /* HHWeatherItemStation.m in Sources */ = {isa = PBXBuildFile; fileRef = E5293E6B1AA03F1100017658 /* HHWeatherItemStation.m */; };
		E5FC08121A9DDD660012B6CC /* main.m in Sources */ = {isa = PBXBuildFile; fileRef = E5FC08111A9DDD660012B6CC /* main.m */; };
		E5FC08151A9DDD660012B6CC /* AppDelegate.m in Sources */ = {isa = PBXBuildFile; fileRef = E5FC08141A9DDD660012B6CC /* AppDelegate.m */; };
		E5FC081D1A9DDD660012B6CC /* Images.xcassets in Resources */ = {isa = PBXBuildFile; fileRef = E5FC081C1A9DDD660012B6CC /* Images.xcassets */; };
		E5FC082C1A9DDD660012B6CC /* HHWeatherTests.m in Sources */ = {isa = PBXBuildFile; fileRef = E5FC082B1A9DDD660012B6CC /* HHWeatherTests.m */; };
		E5FC083B1A9DE0DC0012B6CC /* HHHomeViewController.m in Sources */ = {isa = PBXBuildFile; fileRef = E5FC083A1A9DE0DC0012B6CC /* HHHomeViewController.m */; };
		E5FC083E1A9DE16B0012B6CC /* HHNavigationController.m in Sources */ = {isa = PBXBuildFile; fileRef = E5FC083D1A9DE16B0012B6CC /* HHNavigationController.m */; };
		E5FC08401A9DF8030012B6CC /* HHWeatherCell.xib in Resources */ = {isa = PBXBuildFile; fileRef = E5FC083F1A9DF8030012B6CC /* HHWeatherCell.xib */; };
		E5FC08431A9DF8250012B6CC /* HHWeatherCell.m in Sources */ = {isa = PBXBuildFile; fileRef = E5FC08421A9DF8250012B6CC /* HHWeatherCell.m */; };
/* End PBXBuildFile section */

/* Begin PBXContainerItemProxy section */
		E5FC08261A9DDD660012B6CC /* PBXContainerItemProxy */ = {
			isa = PBXContainerItemProxy;
			containerPortal = E5FC08041A9DDD660012B6CC /* Project object */;
			proxyType = 1;
			remoteGlobalIDString = E5FC080B1A9DDD660012B6CC;
			remoteInfo = HHWeather;
		};
/* End PBXContainerItemProxy section */

/* Begin PBXFileReference section */
		7FC67DEB84D6847DFDECC3DA /* libPods.a */ = {isa = PBXFileReference; explicitFileType = archive.ar; includeInIndex = 0; path = libPods.a; sourceTree = BUILT_PRODUCTS_DIR; };
		B57FADF600104EE781D94B1C /* Pods.release.xcconfig */ = {isa = PBXFileReference; includeInIndex = 1; lastKnownFileType = text.xcconfig; name = Pods.release.xcconfig; path = "Pods/Target Support Files/Pods/Pods.release.xcconfig"; sourceTree = "<group>"; };
		E5293E671AA0203600017658 /* HHWeatherItem.h */ = {isa = PBXFileReference; fileEncoding = 4; lastKnownFileType = sourcecode.c.h; path = HHWeatherItem.h; sourceTree = "<group>"; };
		E5293E681AA0203600017658 /* HHWeatherItem.m */ = {isa = PBXFileReference; fileEncoding = 4; lastKnownFileType = sourcecode.c.objc; path = HHWeatherItem.m; sourceTree = "<group>"; };
		E5293E6A1AA03F1100017658 /* HHWeatherItemStation.h */ = {isa = PBXFileReference; fileEncoding = 4; lastKnownFileType = sourcecode.c.h; path = HHWeatherItemStation.h; sourceTree = "<group>"; };
		E5293E6B1AA03F1100017658 /* HHWeatherItemStation.m */ = {isa = PBXFileReference; fileEncoding = 4; lastKnownFileType = sourcecode.c.objc; path = HHWeatherItemStation.m; sourceTree = "<group>"; };
		E5FC080C1A9DDD660012B6CC /* HHWeather.app */ = {isa = PBXFileReference; explicitFileType = wrapper.application; includeInIndex = 0; path = HHWeather.app; sourceTree = BUILT_PRODUCTS_DIR; };
		E5FC08101A9DDD660012B6CC /* Info.plist */ = {isa = PBXFileReference; lastKnownFileType = text.plist.xml; path = Info.plist; sourceTree = "<group>"; };
		E5FC08111A9DDD660012B6CC /* main.m */ = {isa = PBXFileReference; lastKnownFileType = sourcecode.c.objc; path = main.m; sourceTree = "<group>"; };
		E5FC08131A9DDD660012B6CC /* AppDelegate.h */ = {isa = PBXFileReference; lastKnownFileType = sourcecode.c.h; path = AppDelegate.h; sourceTree = "<group>"; };
		E5FC08141A9DDD660012B6CC /* AppDelegate.m */ = {isa = PBXFileReference; lastKnownFileType = sourcecode.c.objc; path = AppDelegate.m; sourceTree = "<group>"; };
		E5FC081C1A9DDD660012B6CC /* Images.xcassets */ = {isa = PBXFileReference; lastKnownFileType = folder.assetcatalog; path = Images.xcassets; sourceTree = "<group>"; };
		E5FC08251A9DDD660012B6CC /* HHWeatherTests.xctest */ = {isa = PBXFileReference; explicitFileType = wrapper.cfbundle; includeInIndex = 0; path = HHWeatherTests.xctest; sourceTree = BUILT_PRODUCTS_DIR; };
		E5FC082A1A9DDD660012B6CC /* Info.plist */ = {isa = PBXFileReference; lastKnownFileType = text.plist.xml; path = Info.plist; sourceTree = "<group>"; };
		E5FC082B1A9DDD660012B6CC /* HHWeatherTests.m */ = {isa = PBXFileReference; lastKnownFileType = sourcecode.c.objc; path = HHWeatherTests.m; sourceTree = "<group>"; };
		E5FC08391A9DE0DC0012B6CC /* HHHomeViewController.h */ = {isa = PBXFileReference; fileEncoding = 4; lastKnownFileType = sourcecode.c.h; path = HHHomeViewController.h; sourceTree = "<group>"; };
		E5FC083A1A9DE0DC0012B6CC /* HHHomeViewController.m */ = {isa = PBXFileReference; fileEncoding = 4; lastKnownFileType = sourcecode.c.objc; path = HHHomeViewController.m; sourceTree = "<group>"; };
		E5FC083C1A9DE16B0012B6CC /* HHNavigationController.h */ = {isa = PBXFileReference; fileEncoding = 4; lastKnownFileType = sourcecode.c.h; path = HHNavigationController.h; sourceTree = "<group>"; };
		E5FC083D1A9DE16B0012B6CC /* HHNavigationController.m */ = {isa = PBXFileReference; fileEncoding = 4; lastKnownFileType = sourcecode.c.objc; path = HHNavigationController.m; sourceTree = "<group>"; };
		E5FC083F1A9DF8030012B6CC /* HHWeatherCell.xib */ = {isa = PBXFileReference; fileEncoding = 4; lastKnownFileType = file.xib; path = HHWeatherCell.xib; sourceTree = "<group>"; };
		E5FC08411A9DF8250012B6CC /* HHWeatherCell.h */ = {isa = PBXFileReference; fileEncoding = 4; lastKnownFileType = sourcecode.c.h; path = HHWeatherCell.h; sourceTree = "<group>"; };
		E5FC08421A9DF8250012B6CC /* HHWeatherCell.m */ = {isa = PBXFileReference; fileEncoding = 4; lastKnownFileType = sourcecode.c.objc; path = HHWeatherCell.m; sourceTree = "<group>"; };
		E64A6175E5F91681DE0D284D /* Pods.debug.xcconfig */ = {isa = PBXFileReference; includeInIndex = 1; lastKnownFileType = text.xcconfig; name = Pods.debug.xcconfig; path = "Pods/Target Support Files/Pods/Pods.debug.xcconfig"; sourceTree = "<group>"; };
/* End PBXFileReference section */

/* Begin PBXFrameworksBuildPhase section */
		E5FC08091A9DDD660012B6CC /* Frameworks */ = {
			isa = PBXFrameworksBuildPhase;
			buildActionMask = 2147483647;
			files = (
				15F483B5E98FFFE016FBDDA4 /* libPods.a in Frameworks */,
			);
			runOnlyForDeploymentPostprocessing = 0;
		};
		E5FC08221A9DDD660012B6CC /* Frameworks */ = {
			isa = PBXFrameworksBuildPhase;
			buildActionMask = 2147483647;
			files = (
			);
			runOnlyForDeploymentPostprocessing = 0;
		};
/* End PBXFrameworksBuildPhase section */

/* Begin PBXGroup section */
		255972935C4EA6C8119344B4 /* Frameworks */ = {
			isa = PBXGroup;
			children = (
				7FC67DEB84D6847DFDECC3DA /* libPods.a */,
			);
			name = Frameworks;
			sourceTree = "<group>";
		};
		6C8E9FB9BFE70CFB4D9153C0 /* Pods */ = {
			isa = PBXGroup;
			children = (
				E64A6175E5F91681DE0D284D /* Pods.debug.xcconfig */,
				B57FADF600104EE781D94B1C /* Pods.release.xcconfig */,
			);
			name = Pods;
			sourceTree = "<group>";
		};
		E5FC08031A9DDD660012B6CC = {
			isa = PBXGroup;
			children = (
				E5FC08371A9DE0380012B6CC /* Model */,
				E5FC08381A9DE0400012B6CC /* Views */,
				E5FC08351A9DE0180012B6CC /* Controllers */,
				E5FC080E1A9DDD660012B6CC /* HHWeather */,
				E5FC08281A9DDD660012B6CC /* HHWeatherTests */,
				E5FC080D1A9DDD660012B6CC /* Products */,
				6C8E9FB9BFE70CFB4D9153C0 /* Pods */,
				255972935C4EA6C8119344B4 /* Frameworks */,
			);
			sourceTree = "<group>";
		};
		E5FC080D1A9DDD660012B6CC /* Products */ = {
			isa = PBXGroup;
			children = (
				E5FC080C1A9DDD660012B6CC /* HHWeather.app */,
				E5FC08251A9DDD660012B6CC /* HHWeatherTests.xctest */,
			);
			name = Products;
			sourceTree = "<group>";
		};
		E5FC080E1A9DDD660012B6CC /* HHWeather */ = {
			isa = PBXGroup;
			children = (
				E5FC08131A9DDD660012B6CC /* AppDelegate.h */,
				E5FC08141A9DDD660012B6CC /* AppDelegate.m */,
				E5FC081C1A9DDD660012B6CC /* Images.xcassets */,
				E5FC080F1A9DDD660012B6CC /* Supporting Files */,
			);
			path = HHWeather;
			sourceTree = "<group>";
		};
		E5FC080F1A9DDD660012B6CC /* Supporting Files */ = {
			isa = PBXGroup;
			children = (
				E5FC08101A9DDD660012B6CC /* Info.plist */,
				E5FC08111A9DDD660012B6CC /* main.m */,
			);
			name = "Supporting Files";
			sourceTree = "<group>";
		};
		E5FC08281A9DDD660012B6CC /* HHWeatherTests */ = {
			isa = PBXGroup;
			children = (
				E5FC082B1A9DDD660012B6CC /* HHWeatherTests.m */,
				E5FC08291A9DDD660012B6CC /* Supporting Files */,
			);
			path = HHWeatherTests;
			sourceTree = "<group>";
		};
		E5FC08291A9DDD660012B6CC /* Supporting Files */ = {
			isa = PBXGroup;
			children = (
				E5FC082A1A9DDD660012B6CC /* Info.plist */,
			);
			name = "Supporting Files";
			sourceTree = "<group>";
		};
		E5FC08351A9DE0180012B6CC /* Controllers */ = {
			isa = PBXGroup;
			children = (
				E5FC08391A9DE0DC0012B6CC /* HHHomeViewController.h */,
				E5FC083A1A9DE0DC0012B6CC /* HHHomeViewController.m */,
				E5FC083C1A9DE16B0012B6CC /* HHNavigationController.h */,
				E5FC083D1A9DE16B0012B6CC /* HHNavigationController.m */,
			);
			name = Controllers;
			sourceTree = "<group>";
		};
		E5FC08371A9DE0380012B6CC /* Model */ = {
			isa = PBXGroup;
			children = (
				E5293E671AA0203600017658 /* HHWeatherItem.h */,
				E5293E681AA0203600017658 /* HHWeatherItem.m */,
				E5293E6A1AA03F1100017658 /* HHWeatherItemStation.h */,
				E5293E6B1AA03F1100017658 /* HHWeatherItemStation.m */,
			);
			name = Model;
			sourceTree = "<group>";
		};
		E5FC08381A9DE0400012B6CC /* Views */ = {
			isa = PBXGroup;
			children = (
				E5FC083F1A9DF8030012B6CC /* HHWeatherCell.xib */,
				E5FC08411A9DF8250012B6CC /* HHWeatherCell.h */,
				E5FC08421A9DF8250012B6CC /* HHWeatherCell.m */,
			);
			name = Views;
			sourceTree = "<group>";
		};
/* End PBXGroup section */

/* Begin PBXNativeTarget section */
		E5FC080B1A9DDD660012B6CC /* HHWeather */ = {
			isa = PBXNativeTarget;
			buildConfigurationList = E5FC082F1A9DDD660012B6CC /* Build configuration list for PBXNativeTarget "HHWeather" */;
			buildPhases = (
				5D2FFDC28A9CD92C449995AE /* Check Pods Manifest.lock */,
				E5FC08081A9DDD660012B6CC /* Sources */,
				E5FC08091A9DDD660012B6CC /* Frameworks */,
				E5FC080A1A9DDD660012B6CC /* Resources */,
				9141DBDF7041C124F86F1D8F /* Copy Pods Resources */,
			);
			buildRules = (
			);
			dependencies = (
			);
			name = HHWeather;
			productName = HHWeather;
			productReference = E5FC080C1A9DDD660012B6CC /* HHWeather.app */;
			productType = "com.apple.product-type.application";
		};
		E5FC08241A9DDD660012B6CC /* HHWeatherTests */ = {
			isa = PBXNativeTarget;
			buildConfigurationList = E5FC08321A9DDD660012B6CC /* Build configuration list for PBXNativeTarget "HHWeatherTests" */;
			buildPhases = (
				E5FC08211A9DDD660012B6CC /* Sources */,
				E5FC08221A9DDD660012B6CC /* Frameworks */,
				E5FC08231A9DDD660012B6CC /* Resources */,
			);
			buildRules = (
			);
			dependencies = (
				E5FC08271A9DDD660012B6CC /* PBXTargetDependency */,
			);
			name = HHWeatherTests;
			productName = HHWeatherTests;
			productReference = E5FC08251A9DDD660012B6CC /* HHWeatherTests.xctest */;
			productType = "com.apple.product-type.bundle.unit-test";
		};
/* End PBXNativeTarget section */

/* Begin PBXProject section */
		E5FC08041A9DDD660012B6CC /* Project object */ = {
			isa = PBXProject;
			attributes = {
				LastUpgradeCheck = 0610;
				ORGANIZATIONNAME = NewThread;
				TargetAttributes = {
					E5FC080B1A9DDD660012B6CC = {
						CreatedOnToolsVersion = 6.1.1;
					};
					E5FC08241A9DDD660012B6CC = {
						CreatedOnToolsVersion = 6.1.1;
						TestTargetID = E5FC080B1A9DDD660012B6CC;
					};
				};
			};
			buildConfigurationList = E5FC08071A9DDD660012B6CC /* Build configuration list for PBXProject "HHWeather" */;
			compatibilityVersion = "Xcode 3.2";
			developmentRegion = English;
			hasScannedForEncodings = 0;
			knownRegions = (
				en,
				Base,
			);
			mainGroup = E5FC08031A9DDD660012B6CC;
			productRefGroup = E5FC080D1A9DDD660012B6CC /* Products */;
			projectDirPath = "";
			projectRoot = "";
			targets = (
				E5FC080B1A9DDD660012B6CC /* HHWeather */,
				E5FC08241A9DDD660012B6CC /* HHWeatherTests */,
			);
		};
/* End PBXProject section */

/* Begin PBXResourcesBuildPhase section */
		E5FC080A1A9DDD660012B6CC /* Resources */ = {
			isa = PBXResourcesBuildPhase;
			buildActionMask = 2147483647;
			files = (
				E5FC08401A9DF8030012B6CC /* HHWeatherCell.xib in Resources */,
				E5FC081D1A9DDD660012B6CC /* Images.xcassets in Resources */,
			);
			runOnlyForDeploymentPostprocessing = 0;
		};
		E5FC08231A9DDD660012B6CC /* Resources */ = {
			isa = PBXResourcesBuildPhase;
			buildActionMask = 2147483647;
			files = (
			);
			runOnlyForDeploymentPostprocessing = 0;
		};
/* End PBXResourcesBuildPhase section */

/* Begin PBXShellScriptBuildPhase section */
		5D2FFDC28A9CD92C449995AE /* Check Pods Manifest.lock */ = {
			isa = PBXShellScriptBuildPhase;
			buildActionMask = 2147483647;
			files = (
			);
			inputPaths = (
			);
			name = "Check Pods Manifest.lock";
			outputPaths = (
			);
			runOnlyForDeploymentPostprocessing = 0;
			shellPath = /bin/sh;
			shellScript = "diff \"${PODS_ROOT}/../Podfile.lock\" \"${PODS_ROOT}/Manifest.lock\" > /dev/null\nif [[ $? != 0 ]] ; then\n    cat << EOM\nerror: The sandbox is not in sync with the Podfile.lock. Run 'pod install' or update your CocoaPods installation.\nEOM\n    exit 1\nfi\n";
			showEnvVarsInLog = 0;
		};
		9141DBDF7041C124F86F1D8F /* Copy Pods Resources */ = {
			isa = PBXShellScriptBuildPhase;
			buildActionMask = 2147483647;
			files = (
			);
			inputPaths = (
			);
			name = "Copy Pods Resources";
			outputPaths = (
			);
			runOnlyForDeploymentPostprocessing = 0;
			shellPath = /bin/sh;
			shellScript = "\"${SRCROOT}/Pods/Target Support Files/Pods/Pods-resources.sh\"\n";
			showEnvVarsInLog = 0;
		};
/* End PBXShellScriptBuildPhase section */

/* Begin PBXSourcesBuildPhase section */
		E5FC08081A9DDD660012B6CC /* Sources */ = {
			isa = PBXSourcesBuildPhase;
			buildActionMask = 2147483647;
			files = (
				E5FC083B1A9DE0DC0012B6CC /* HHHomeViewController.m in Sources */,
				E5FC08151A9DDD660012B6CC /* AppDelegate.m in Sources */,
				E5FC08121A9DDD660012B6CC /* main.m in Sources */,
				E5293E691AA0203600017658 /* HHWeatherItem.m in Sources */,
				E5FC083E1A9DE16B0012B6CC /* HHNavigationController.m in Sources */,
				E5293E6C1AA03F1100017658 /* HHWeatherItemStation.m in Sources */,
				E5FC08431A9DF8250012B6CC /* HHWeatherCell.m in Sources */,
			);
			runOnlyForDeploymentPostprocessing = 0;
		};
		E5FC08211A9DDD660012B6CC /* Sources */ = {
			isa = PBXSourcesBuildPhase;
			buildActionMask = 2147483647;
			files = (
				E5FC082C1A9DDD660012B6CC /* HHWeatherTests.m in Sources */,
			);
			runOnlyForDeploymentPostprocessing = 0;
		};
/* End PBXSourcesBuildPhase section */

/* Begin PBXTargetDependency section */
		E5FC08271A9DDD660012B6CC /* PBXTargetDependency */ = {
			isa = PBXTargetDependency;
			target = E5FC080B1A9DDD660012B6CC /* HHWeather */;
			targetProxy = E5FC08261A9DDD660012B6CC /* PBXContainerItemProxy */;
		};
/* End PBXTargetDependency section */

/* Begin XCBuildConfiguration section */
		E5FC082D1A9DDD660012B6CC /* Debug */ = {
			isa = XCBuildConfiguration;
			buildSettings = {
				ALWAYS_SEARCH_USER_PATHS = NO;
				CLANG_CXX_LANGUAGE_STANDARD = "gnu++0x";
				CLANG_CXX_LIBRARY = "libc++";
				CLANG_ENABLE_MODULES = YES;
				CLANG_ENABLE_OBJC_ARC = YES;
				CLANG_WARN_BOOL_CONVERSION = YES;
				CLANG_WARN_CONSTANT_CONVERSION = YES;
				CLANG_WARN_DIRECT_OBJC_ISA_USAGE = YES_ERROR;
				CLANG_WARN_EMPTY_BODY = YES;
				CLANG_WARN_ENUM_CONVERSION = YES;
				CLANG_WARN_INT_CONVERSION = YES;
				CLANG_WARN_OBJC_ROOT_CLASS = YES_ERROR;
				CLANG_WARN_UNREACHABLE_CODE = YES;
				CLANG_WARN__DUPLICATE_METHOD_MATCH = YES;
				"CODE_SIGN_IDENTITY[sdk=iphoneos*]" = "iPhone Developer";
				COPY_PHASE_STRIP = NO;
				ENABLE_STRICT_OBJC_MSGSEND = YES;
				GCC_C_LANGUAGE_STANDARD = gnu99;
				GCC_DYNAMIC_NO_PIC = NO;
				GCC_OPTIMIZATION_LEVEL = 0;
				GCC_PREPROCESSOR_DEFINITIONS = (
					"DEBUG=1",
					"$(inherited)",
				);
				GCC_SYMBOLS_PRIVATE_EXTERN = NO;
				GCC_WARN_64_TO_32_BIT_CONVERSION = YES;
				GCC_WARN_ABOUT_RETURN_TYPE = YES_ERROR;
				GCC_WARN_UNDECLARED_SELECTOR = YES;
				GCC_WARN_UNINITIALIZED_AUTOS = YES_AGGRESSIVE;
				GCC_WARN_UNUSED_FUNCTION = YES;
				GCC_WARN_UNUSED_VARIABLE = YES;
				IPHONEOS_DEPLOYMENT_TARGET = 8.1;
				MTL_ENABLE_DEBUG_INFO = YES;
				ONLY_ACTIVE_ARCH = YES;
				SDKROOT = iphoneos;
			};
			name = Debug;
		};
		E5FC082E1A9DDD660012B6CC /* Release */ = {
			isa = XCBuildConfiguration;
			buildSettings = {
				ALWAYS_SEARCH_USER_PATHS = NO;
				CLANG_CXX_LANGUAGE_STANDARD = "gnu++0x";
				CLANG_CXX_LIBRARY = "libc++";
				CLANG_ENABLE_MODULES = YES;
				CLANG_ENABLE_OBJC_ARC = YES;
				CLANG_WARN_BOOL_CONVERSION = YES;
				CLANG_WARN_CONSTANT_CONVERSION = YES;
				CLANG_WARN_DIRECT_OBJC_ISA_USAGE = YES_ERROR;
				CLANG_WARN_EMPTY_BODY = YES;
				CLANG_WARN_ENUM_CONVERSION = YES;
				CLANG_WARN_INT_CONVERSION = YES;
				CLANG_WARN_OBJC_ROOT_CLASS = YES_ERROR;
				CLANG_WARN_UNREACHABLE_CODE = YES;
				CLANG_WARN__DUPLICATE_METHOD_MATCH = YES;
				"CODE_SIGN_IDENTITY[sdk=iphoneos*]" = "iPhone Developer";
				COPY_PHASE_STRIP = YES;
				ENABLE_NS_ASSERTIONS = NO;
				ENABLE_STRICT_OBJC_MSGSEND = YES;
				GCC_C_LANGUAGE_STANDARD = gnu99;
				GCC_WARN_64_TO_32_BIT_CONVERSION = YES;
				GCC_WARN_ABOUT_RETURN_TYPE = YES_ERROR;
				GCC_WARN_UNDECLARED_SELECTOR = YES;
				GCC_WARN_UNINITIALIZED_AUTOS = YES_AGGRESSIVE;
				GCC_WARN_UNUSED_FUNCTION = YES;
				GCC_WARN_UNUSED_VARIABLE = YES;
				IPHONEOS_DEPLOYMENT_TARGET = 8.1;
				MTL_ENABLE_DEBUG_INFO = NO;
				SDKROOT = iphoneos;
				VALIDATE_PRODUCT = YES;
			};
			name = Release;
		};
		E5FC08301A9DDD660012B6CC /* Debug */ = {
			isa = XCBuildConfiguration;
			baseConfigurationReference = E64A6175E5F91681DE0D284D /* Pods.debug.xcconfig */;
			buildSettings = {
				ASSETCATALOG_COMPILER_APPICON_NAME = AppIcon;
				INFOPLIST_FILE = HHWeather/Info.plist;
				LD_RUNPATH_SEARCH_PATHS = "$(inherited) @executable_path/Frameworks";
				PRODUCT_NAME = "$(TARGET_NAME)";
				USER_HEADER_SEARCH_PATHS = "${SRCROOT}/**";
			};
			name = Debug;
		};
		E5FC08311A9DDD660012B6CC /* Release */ = {
			isa = XCBuildConfiguration;
			baseConfigurationReference = B57FADF600104EE781D94B1C /* Pods.release.xcconfig */;
			buildSettings = {
				ASSETCATALOG_COMPILER_APPICON_NAME = AppIcon;
				INFOPLIST_FILE = HHWeather/Info.plist;
				LD_RUNPATH_SEARCH_PATHS = "$(inherited) @executable_path/Frameworks";
				PRODUCT_NAME = "$(TARGET_NAME)";
				USER_HEADER_SEARCH_PATHS = "${SRCROOT}/**";
			};
			name = Release;
		};
		E5FC08331A9DDD660012B6CC /* Debug */ = {
			isa = XCBuildConfiguration;
			buildSettings = {
				BUNDLE_LOADER = "$(TEST_HOST)";
				FRAMEWORK_SEARCH_PATHS = (
					"$(SDKROOT)/Developer/Library/Frameworks",
					"$(inherited)",
				);
				GCC_PREPROCESSOR_DEFINITIONS = (
					"DEBUG=1",
					"$(inherited)",
				);
				INFOPLIST_FILE = HHWeatherTests/Info.plist;
				LD_RUNPATH_SEARCH_PATHS = "$(inherited) @executable_path/Frameworks @loader_path/Frameworks";
				PRODUCT_NAME = "$(TARGET_NAME)";
				TEST_HOST = "$(BUILT_PRODUCTS_DIR)/HHWeather.app/HHWeather";
			};
			name = Debug;
		};
		E5FC08341A9DDD660012B6CC /* Release */ = {
			isa = XCBuildConfiguration;
			buildSettings = {
				BUNDLE_LOADER = "$(TEST_HOST)";
				FRAMEWORK_SEARCH_PATHS = (
					"$(SDKROOT)/Developer/Library/Frameworks",
					"$(inherited)",
				);
				INFOPLIST_FILE = HHWeatherTests/Info.plist;
				LD_RUNPATH_SEARCH_PATHS = "$(inherited) @executable_path/Frameworks @loader_path/Frameworks";
				PRODUCT_NAME = "$(TARGET_NAME)";
				TEST_HOST = "$(BUILT_PRODUCTS_DIR)/HHWeather.app/HHWeather";
			};
			name = Release;
		};
/* End XCBuildConfiguration section */

/* Begin XCConfigurationList section */
		E5FC08071A9DDD660012B6CC /* Build configuration list for PBXProject "HHWeather" */ = {
			isa = XCConfigurationList;
			buildConfigurations = (
				E5FC082D1A9DDD660012B6CC /* Debug */,
				E5FC082E1A9DDD660012B6CC /* Release */,
			);
			defaultConfigurationIsVisible = 0;
			defaultConfigurationName = Release;
		};
		E5FC082F1A9DDD660012B6CC /* Build configuration list for PBXNativeTarget "HHWeather" */ = {
			isa = XCConfigurationList;
			buildConfigurations = (
				E5FC08301A9DDD660012B6CC /* Debug */,
				E5FC08311A9DDD660012B6CC /* Release */,
			);
			defaultConfigurationIsVisible = 0;
			defaultConfigurationName = Release;
		};
		E5FC08321A9DDD660012B6CC /* Build configuration list for PBXNativeTarget "HHWeatherTests" */ = {
			isa = XCConfigurationList;
			buildConfigurations = (
				E5FC08331A9DDD660012B6CC /* Debug */,
				E5FC08341A9DDD660012B6CC /* Release */,
			);
			defaultConfigurationIsVisible = 0;
			defaultConfigurationName = Release;
		};
/* End XCConfigurationList section */
	};
	rootObject = E5FC08041A9DDD660012B6CC /* Project object */;
}
